
Microsoft Visual Studio Solution File, Format Version 12.00
# Visual Studio Version 17
VisualStudioVersion = 17.5.33516.290
MinimumVisualStudioVersion = 10.0.40219.1
Project("{FAE04EC0-301F-11D3-BF4B-00C04F79EFBC}") = "AutoAppo_StevenVR.Android", "AutoAppo_StevenVR.Android\AutoAppo_StevenVR.Android.csproj", "{24070C92-70CB-48CD-8B94-F1BDAE92CB75}"
EndProject
Project("{FAE04EC0-301F-11D3-BF4B-00C04F79EFBC}") = "AutoAppo_StevenVR.iOS", "AutoAppo_StevenVR.iOS\AutoAppo_StevenVR.iOS.csproj", "{AC6C297A-B950-4607-A258-444C3F344AB6}"
EndProject
Project("{FAE04EC0-301F-11D3-BF4B-00C04F79EFBC}") = "AutoAppo_StevenVR", "AutoAppo_StevenVR\AutoAppo_StevenVR.csproj", "{D74602DD-70AA-4E1B-BD56-D8085E816C80}"
EndProject
Global
	GlobalSection(SolutionConfigurationPlatforms) = preSolution
		Debug|Any CPU = Debug|Any CPU
		Debug|iPhone = Debug|iPhone
		Debug|iPhoneSimulator = Debug|iPhoneSimulator
		Release|Any CPU = Release|Any CPU
		Release|iPhone = Release|iPhone
		Release|iPhoneSimulator = Release|iPhoneSimulator
	EndGlobalSection
	GlobalSection(ProjectConfigurationPlatforms) = postSolution
		{24070C92-70CB-48CD-8B94-F1BDAE92CB75}.Debug|Any CPU.ActiveCfg = Debug|Any CPU
		{24070C92-70CB-48CD-8B94-F1BDAE92CB75}.Debug|Any CPU.Build.0 = Debug|Any CPU
		{24070C92-70CB-48CD-8B94-F1BDAE92CB75}.Debug|Any CPU.Deploy.0 = Debug|Any CPU
		{24070C92-70CB-48CD-8B94-F1BDAE92CB75}.Debug|iPhone.ActiveCfg = Debug|Any CPU
		{24070C92-70CB-48CD-8B94-F1BDAE92CB75}.Debug|iPhone.Build.0 = Debug|Any CPU
		{24070C92-70CB-48CD-8B94-F1BDAE92CB75}.Debug|iPhone.Deploy.0 = Debug|Any CPU
		{24070C92-70CB-48CD-8B94-F1BDAE92CB75}.Debug|iPhoneSimulator.ActiveCfg = Debug|Any CPU
		{24070C92-70CB-48CD-8B94-F1BDAE92CB75}.Debug|iPhoneSimulator.Build.0 = Debug|Any CPU
		{24070C92-70CB-48CD-8B94-F1BDAE92CB75}.Debug|iPhoneSimulator.Deploy.0 = Debug|Any CPU
		{24070C92-70CB-48CD-8B94-F1BDAE92CB75}.Release|Any CPU.ActiveCfg = Release|Any CPU
		{24070C92-70CB-48CD-8B94-F1BDAE92CB75}.Release|Any CPU.Build.0 = Release|Any CPU
		{24070C92-70CB-48CD-8B94-F1BDAE92CB75}.Release|Any CPU.Deploy.0 = Release|Any CPU
		{24070C92-70CB-48CD-8B94-F1BDAE92CB75}.Release|iPhone.ActiveCfg = Release|Any CPU
		{24070C92-70CB-48CD-8B94-F1BDAE92CB75}.Release|iPhone.Build.0 = Release|Any CPU
		{24070C92-70CB-48CD-8B94-F1BDAE92CB75}.Release|iPhone.Deploy.0 = Release|Any CPU
		{24070C92-70CB-48CD-8B94-F1BDAE92CB75}.Release|iPhoneSimulator.ActiveCfg = Release|Any CPU
		{24070C92-70CB-48CD-8B94-F1BDAE92CB75}.Release|iPhoneSimulator.Build.0 = Release|Any CPU
		{24070C92-70CB-48CD-8B94-F1BDAE92CB75}.Release|iPhoneSimulator.Deploy.0 = Release|Any CPU
		{AC6C297A-B950-4607-A258-444C3F344AB6}.Debug|Any CPU.ActiveCfg = Debug|iPhone
		{AC6C297A-B950-4607-A258-444C3F344AB6}.Debug|Any CPU.Build.0 = Debug|iPhone
		{AC6C297A-B950-4607-A258-444C3F344AB6}.Debug|Any CPU.Deploy.0 = Debug|iPhone
		{AC6C297A-B950-4607-A258-444C3F344AB6}.Debug|iPhone.ActiveCfg = Debug|iPhone
		{AC6C297A-B950-4607-A258-444C3F344AB6}.Debug|iPhone.Build.0 = Debug|iPhone
		{AC6C297A-B950-4607-A258-444C3F344AB6}.Debug|iPhone.Deploy.0 = Debug|iPhone
		{AC6C297A-B950-4607-A258-444C3F344AB6}.Debug|iPhoneSimulator.ActiveCfg = Debug|iPhoneSimulator
		{AC6C297A-B950-4607-A258-444C3F344AB6}.Debug|iPhoneSimulator.Build.0 = Debug|iPhoneSimulator
		{AC6C297A-B950-4607-A258-444C3F344AB6}.Debug|iPhoneSimulator.Deploy.0 = Debug|iPhoneSimulator
		{AC6C297A-B950-4607-A258-444C3F344AB6}.Release|Any CPU.ActiveCfg = Release|iPhoneSimulator
		{AC6C297A-B950-4607-A258-444C3F344AB6}.Release|Any CPU.Build.0 = Release|iPhoneSimulator
		{AC6C297A-B950-4607-A258-444C3F344AB6}.Release|Any CPU.Deploy.0 = Release|iPhoneSimulator
		{AC6C297A-B950-4607-A258-444C3F344AB6}.Release|iPhone.ActiveCfg = Release|iPhone
		{AC6C297A-B950-4607-A258-444C3F344AB6}.Release|iPhone.Build.0 = Release|iPhone
		{AC6C297A-B950-4607-A258-444C3F344AB6}.Release|iPhone.Deploy.0 = Release|iPhone
		{AC6C297A-B950-4607-A258-444C3F344AB6}.Release|iPhoneSimulator.ActiveCfg = Release|iPhoneSimulator
		{AC6C297A-B950-4607-A258-444C3F344AB6}.Release|iPhoneSimulator.Build.0 = Release|iPhoneSimulator
		{AC6C297A-B950-4607-A258-444C3F344AB6}.Release|iPhoneSimulator.Deploy.0 = Release|iPhoneSimulator
		{D74602DD-70AA-4E1B-BD56-D8085E816C80}.Debug|Any CPU.ActiveCfg = Debug|Any CPU
		{D74602DD-70AA-4E1B-BD56-D8085E816C80}.Debug|Any CPU.Build.0 = Debug|Any CPU
		{D74602DD-70AA-4E1B-BD56-D8085E816C80}.Debug|Any CPU.Deploy.0 = Debug|Any CPU
		{D74602DD-70AA-4E1B-BD56-D8085E816C80}.Debug|iPhone.ActiveCfg = Debug|Any CPU
		{D74602DD-70AA-4E1B-BD56-D8085E816C80}.Debug|iPhone.Build.0 = Debug|Any CPU
		{D74602DD-70AA-4E1B-BD56-D8085E816C80}.Debug|iPhone.Deploy.0 = Debug|Any CPU
		{D74602DD-70AA-4E1B-BD56-D8085E816C80}.Debug|iPhoneSimulator.ActiveCfg = Debug|Any CPU
		{D74602DD-70AA-4E1B-BD56-D8085E816C80}.Debug|iPhoneSimulator.Build.0 = Debug|Any CPU
		{D74602DD-70AA-4E1B-BD56-D8085E816C80}.Debug|iPhoneSimulator.Deploy.0 = Debug|Any CPU
		{D74602DD-70AA-4E1B-BD56-D8085E816C80}.Release|Any CPU.ActiveCfg = Release|Any CPU
		{D74602DD-70AA-4E1B-BD56-D8085E816C80}.Release|Any CPU.Build.0 = Release|Any CPU
		{D74602DD-70AA-4E1B-BD56-D8085E816C80}.Release|Any CPU.Deploy.0 = Release|Any CPU
		{D74602DD-70AA-4E1B-BD56-D8085E816C80}.Release|iPhone.ActiveCfg = Release|Any CPU
		{D74602DD-70AA-4E1B-BD56-D8085E816C80}.Release|iPhone.Build.0 = Release|Any CPU
		{D74602DD-70AA-4E1B-BD56-D8085E816C80}.Release|iPhone.Deploy.0 = Release|Any CPU
		{D74602DD-70AA-4E1B-BD56-D8085E816C80}.Release|iPhoneSimulator.ActiveCfg = Release|Any CPU
		{D74602DD-70AA-4E1B-BD56-D8085E816C80}.Release|iPhoneSimulator.Build.0 = Release|Any CPU
		{D74602DD-70AA-4E1B-BD56-D8085E816C80}.Release|iPhoneSimulator.Deploy.0 = Release|Any CPU
	EndGlobalSection
	GlobalSection(SolutionProperties) = preSolution
		HideSolutionNode = FALSE
	EndGlobalSection
	GlobalSection(ExtensibilityGlobals) = postSolution
		SolutionGuid = {04F6B91C-B019-44FA-9D4A-D3E48B22E92D}
	EndGlobalSection
EndGlobal
